{
  "name": "nook-ui",
  "version": "0.0.1",
  "lockfileVersion": 1,
  "requires": true,
  "dependencies": {
    "@stencil/core": {
      "version": "2.0.3",
      "resolved": "https://npm.apple.com/@stencil/core/-/core-2.0.3.tgz",
      "integrity": "sha1-hxnTExNiB2o1t6fIZd5HIHZvP0c=",
      "dev": true
    },
    "@stencil/router": {
      "version": "1.0.1",
      "resolved": "https://npm.apple.com/@stencil/router/-/router-1.0.1.tgz",
      "integrity": "sha1-+VvMZ++NgywWoRdIeid9TOKXPSo=",
      "dev": true,
      "requires": {
        "@stencil/state-tunnel": "^1.0.1"
      }
    },
    "@stencil/state-tunnel": {
      "version": "1.0.1",
      "resolved": "https://npm.apple.com/@stencil/state-tunnel/-/state-tunnel-1.0.1.tgz",
      "integrity": "sha1-ITJPSUrXGXMlBcgTQJnkFaxMPIE=",
      "dev": true
    }
  }
}
